
Microsoft Visual Studio Solution File, Format Version 12.00
# Visual Studio Version 17
VisualStudioVersion = 17.7.34024.191
MinimumVisualStudioVersion = 10.0.40219.1
Project("{FAE04EC0-301F-11D3-BF4B-00C04F79EFBC}") = "Fussball", "Fussball\Fussball.csproj", "{C1CFA76A-0EDB-43DE-8B72-50BC1171CB43}"
EndProject
Project("{FAE04EC0-301F-11D3-BF4B-00C04F79EFBC}") = "FussballTests", "FussballTests\FussballTests.csproj", "{B0516B57-3730-4210-B1E1-026242234CEF}"
EndProject
Global
	GlobalSection(SolutionConfigurationPlatforms) = preSolution
		Debug|Any CPU = Debug|Any CPU
		Release|Any CPU = Release|Any CPU
	EndGlobalSection
	GlobalSection(ProjectConfigurationPlatforms) = postSolution
		{C1CFA76A-0EDB-43DE-8B72-50BC1171CB43}.Debug|Any CPU.ActiveCfg = Debug|Any CPU
		{C1CFA76A-0EDB-43DE-8B72-50BC1171CB43}.Debug|Any CPU.Build.0 = Debug|Any CPU
		{C1CFA76A-0EDB-43DE-8B72-50BC1171CB43}.Release|Any CPU.ActiveCfg = Release|Any CPU
		{C1CFA76A-0EDB-43DE-8B72-50BC1171CB43}.Release|Any CPU.Build.0 = Release|Any CPU
		{B0516B57-3730-4210-B1E1-026242234CEF}.Debug|Any CPU.ActiveCfg = Debug|Any CPU
		{B0516B57-3730-4210-B1E1-026242234CEF}.Debug|Any CPU.Build.0 = Debug|Any CPU
		{B0516B57-3730-4210-B1E1-026242234CEF}.Release|Any CPU.ActiveCfg = Release|Any CPU
		{B0516B57-3730-4210-B1E1-026242234CEF}.Release|Any CPU.Build.0 = Release|Any CPU
	EndGlobalSection
	GlobalSection(SolutionProperties) = preSolution
		HideSolutionNode = FALSE
	EndGlobalSection
	GlobalSection(ExtensibilityGlobals) = postSolution
		SolutionGuid = {12679C9D-B19C-427C-9391-CF18107EFAFE}
	EndGlobalSection
EndGlobal
